{
  "requires": true,
  "lockfileVersion": 1,
  "dependencies": {
    "asn1.js": {
      "version": "5.4.1",
      "resolved": "http://artifactory.orbit.vodacom.aws.corp/artifactory/api/npm/vod-npm/asn1.js/-/asn1.js-5.4.1.tgz",
      "integrity": "sha1-EamAuE67kXgc41sP3C7ilON4Pwc=",
      "requires": {
        "bn.js": "^4.0.0",
        "inherits": "^2.0.1",
        "minimalistic-assert": "^1.0.0",
        "safer-buffer": "^2.1.0"
      }
    },
    "axios": {
      "version": "0.24.0",
      "resolved": "http://artifactory.orbit.vodacom.aws.corp/artifactory/api/npm/vod-npm/axios/-/axios-0.24.0.tgz",
      "integrity": "sha1-gE5voeS5xSiFAd2d/1anoJQNINY=",
      "requires": {
        "follow-redirects": "^1.14.4"
      }
    },
    "bn.js": {
      "version": "4.12.0",
      "resolved": "http://artifactory.orbit.vodacom.aws.corp/artifactory/api/npm/vod-npm/bn.js/-/bn.js-4.12.0.tgz",
      "integrity": "sha1-d1s/J477uXGO7HNh9IP7Nvu/6og="
    },
    "brorand": {
      "version": "1.1.0",
      "resolved": "http://artifactory.orbit.vodacom.aws.corp/artifactory/api/npm/vod-npm/brorand/-/brorand-1.1.0.tgz",
      "integrity": "sha1-EsJe/kCkXjwyPrhnWgoM5XsiNx8="
    },
    "buffer-equal-constant-time": {
      "version": "1.0.1",
      "resolved": "http://artifactory.orbit.vodacom.aws.corp/artifactory/api/npm/vod-npm/buffer-equal-constant-time/-/buffer-equal-constant-time-1.0.1.tgz",
      "integrity": "sha1-+OcRMvf/5uAaXJaXpMbz5I1cyBk="
    },
    "cognito-express": {
      "version": "3.0.1",
      "resolved": "http://artifactory.orbit.vodacom.aws.corp/artifactory/api/npm/vod-npm/cognito-express/-/cognito-express-3.0.1.tgz",
      "integrity": "sha1-60R+1Q21Q3C7mc8fOUPbOuie8EY=",
      "requires": {
        "axios": "^0.24.0",
        "jsonwebtoken": "^8.3.0",
        "jwk-to-pem": "^2.0.0"
      }
    },
    "ecdsa-sig-formatter": {
      "version": "1.0.11",
      "resolved": "http://artifactory.orbit.vodacom.aws.corp/artifactory/api/npm/vod-npm/ecdsa-sig-formatter/-/ecdsa-sig-formatter-1.0.11.tgz",
      "integrity": "sha1-rg8PothQRe8UqBfao86azQSJ5b8=",
      "requires": {
        "safe-buffer": "^5.0.1"
      }
    },
    "elliptic": {
      "version": "6.5.4",
      "resolved": "http://artifactory.orbit.vodacom.aws.corp/artifactory/api/npm/vod-npm/elliptic/-/elliptic-6.5.4.tgz",
      "integrity": "sha1-2jfOvTHnmhNn6UG1ku0fvr1Yq7s=",
      "requires": {
        "bn.js": "^4.11.9",
        "brorand": "^1.1.0",
        "hash.js": "^1.0.0",
        "hmac-drbg": "^1.0.1",
        "inherits": "^2.0.4",
        "minimalistic-assert": "^1.0.1",
        "minimalistic-crypto-utils": "^1.0.1"
      }
    },
    "follow-redirects": {
      "version": "1.15.1",
      "resolved": "http://artifactory.orbit.vodacom.aws.corp/artifactory/api/npm/vod-npm/follow-redirects/-/follow-redirects-1.15.1.tgz",
      "integrity": "sha1-DKakUjBsmyduTTEnSD4pV14getU="
    },
    "hash.js": {
      "version": "1.1.7",
      "resolved": "http://artifactory.orbit.vodacom.aws.corp/artifactory/api/npm/vod-npm/hash.js/-/hash.js-1.1.7.tgz",
      "integrity": "sha1-C6vKU46NTuSg+JiNaIZlN6ADz0I=",
      "requires": {
        "inherits": "^2.0.3",
        "minimalistic-assert": "^1.0.1"
      }
    },
    "hmac-drbg": {
      "version": "1.0.1",
      "resolved": "http://artifactory.orbit.vodacom.aws.corp/artifactory/api/npm/vod-npm/hmac-drbg/-/hmac-drbg-1.0.1.tgz",
      "integrity": "sha1-0nRXAQJabHdabFRXk+1QL8DGSaE=",
      "requires": {
        "hash.js": "^1.0.3",
        "minimalistic-assert": "^1.0.0",
        "minimalistic-crypto-utils": "^1.0.1"
      }
    },
    "inherits": {
      "version": "2.0.4",
      "resolved": "http://artifactory.orbit.vodacom.aws.corp/artifactory/api/npm/vod-npm/inherits/-/inherits-2.0.4.tgz",
      "integrity": "sha1-D6LGT5MpF8NDOg3tVTY6rjdBa3w="
    },
    "jsonwebtoken": {
      "version": "8.5.1",
      "resolved": "http://artifactory.orbit.vodacom.aws.corp/artifactory/api/npm/vod-npm/jsonwebtoken/-/jsonwebtoken-8.5.1.tgz",
      "integrity": "sha1-AOceC431TCEhofJhN98igGc7zA0=",
      "requires": {
        "jws": "^3.2.2",
        "lodash.includes": "^4.3.0",
        "lodash.isboolean": "^3.0.3",
        "lodash.isinteger": "^4.0.4",
        "lodash.isnumber": "^3.0.3",
        "lodash.isplainobject": "^4.0.6",
        "lodash.isstring": "^4.0.1",
        "lodash.once": "^4.0.0",
        "ms": "^2.1.1",
        "semver": "^5.6.0"
      }
    },
    "jwa": {
      "version": "1.4.1",
      "resolved": "http://artifactory.orbit.vodacom.aws.corp/artifactory/api/npm/vod-npm/jwa/-/jwa-1.4.1.tgz",
      "integrity": "sha1-dDwymFy56YZVUw1TZBtmyGRbA5o=",
      "requires": {
        "buffer-equal-constant-time": "1.0.1",
        "ecdsa-sig-formatter": "1.0.11",
        "safe-buffer": "^5.0.1"
      }
    },
    "jwk-to-pem": {
      "version": "2.0.5",
      "resolved": "http://artifactory.orbit.vodacom.aws.corp/artifactory/api/npm/vod-npm/jwk-to-pem/-/jwk-to-pem-2.0.5.tgz",
      "integrity": "sha1-FRMQvPvPcxrcWtnzecvIs5V0KQY=",
      "requires": {
        "asn1.js": "^5.3.0",
        "elliptic": "^6.5.4",
        "safe-buffer": "^5.0.1"
      }
    },
    "jws": {
      "version": "3.2.2",
      "resolved": "http://artifactory.orbit.vodacom.aws.corp/artifactory/api/npm/vod-npm/jws/-/jws-3.2.2.tgz",
      "integrity": "sha1-ABCZ82OUaMlBQADpmZX6UvtHgwQ=",
      "requires": {
        "jwa": "^1.4.1",
        "safe-buffer": "^5.0.1"
      }
    },
    "lodash.includes": {
      "version": "4.3.0",
      "resolved": "http://artifactory.orbit.vodacom.aws.corp/artifactory/api/npm/vod-npm/lodash.includes/-/lodash.includes-4.3.0.tgz",
      "integrity": "sha1-YLuYqHy5I8aMoeUTJUgzFISfVT8="
    },
    "lodash.isboolean": {
      "version": "3.0.3",
      "resolved": "http://artifactory.orbit.vodacom.aws.corp/artifactory/api/npm/vod-npm/lodash.isboolean/-/lodash.isboolean-3.0.3.tgz",
      "integrity": "sha1-bC4XHbKiV82WgC/UOwGyDV9YcPY="
    },
    "lodash.isinteger": {
      "version": "4.0.4",
      "resolved": "http://artifactory.orbit.vodacom.aws.corp/artifactory/api/npm/vod-npm/lodash.isinteger/-/lodash.isinteger-4.0.4.tgz",
      "integrity": "sha1-YZwK89A/iwTDH1iChAt3sRzWg0M="
    },
    "lodash.isnumber": {
      "version": "3.0.3",
      "resolved": "http://artifactory.orbit.vodacom.aws.corp/artifactory/api/npm/vod-npm/lodash.isnumber/-/lodash.isnumber-3.0.3.tgz",
      "integrity": "sha1-POdoEMWSjQM1IwGsKHMX8RwLH/w="
    },
    "lodash.isplainobject": {
      "version": "4.0.6",
      "resolved": "http://artifactory.orbit.vodacom.aws.corp/artifactory/api/npm/vod-npm/lodash.isplainobject/-/lodash.isplainobject-4.0.6.tgz",
      "integrity": "sha1-fFJqUtibRcRcxpC4gWO+BJf1UMs="
    },
    "lodash.isstring": {
      "version": "4.0.1",
      "resolved": "http://artifactory.orbit.vodacom.aws.corp/artifactory/api/npm/vod-npm/lodash.isstring/-/lodash.isstring-4.0.1.tgz",
      "integrity": "sha1-1SfftUVuynzJu5XV2ur4i6VKVFE="
    },
    "lodash.once": {
      "version": "4.1.1",
      "resolved": "http://artifactory.orbit.vodacom.aws.corp/artifactory/api/npm/vod-npm/lodash.once/-/lodash.once-4.1.1.tgz",
      "integrity": "sha1-DdOXEhPHxW34gJd9UEyI+0cal6w="
    },
    "minimalistic-assert": {
      "version": "1.0.1",
      "resolved": "http://artifactory.orbit.vodacom.aws.corp/artifactory/api/npm/vod-npm/minimalistic-assert/-/minimalistic-assert-1.0.1.tgz",
      "integrity": "sha1-LhlN4ERibUoQ5/f7wAznPoPk1cc="
    },
    "minimalistic-crypto-utils": {
      "version": "1.0.1",
      "resolved": "http://artifactory.orbit.vodacom.aws.corp/artifactory/api/npm/vod-npm/minimalistic-crypto-utils/-/minimalistic-crypto-utils-1.0.1.tgz",
      "integrity": "sha1-9sAMHAsIIkblxNmd+4x8CDsrWCo="
    },
    "ms": {
      "version": "2.1.3",
      "resolved": "http://artifactory.orbit.vodacom.aws.corp/artifactory/api/npm/vod-npm/ms/-/ms-2.1.3.tgz",
      "integrity": "sha1-V0yBOM4dK1hh8LRFedut1gxmFbI="
    },
    "safe-buffer": {
      "version": "5.2.1",
      "resolved": "http://artifactory.orbit.vodacom.aws.corp/artifactory/api/npm/vod-npm/safe-buffer/-/safe-buffer-5.2.1.tgz",
      "integrity": "sha1-Hq+fqb2x/dTsdfWPnNtOa3gn7sY="
    },
    "safer-buffer": {
      "version": "2.1.2",
      "resolved": "http://artifactory.orbit.vodacom.aws.corp/artifactory/api/npm/vod-npm/safer-buffer/-/safer-buffer-2.1.2.tgz",
      "integrity": "sha1-RPoWGwGHuVSd2Eu5GAL5vYOFzWo="
    },
    "semver": {
      "version": "5.7.1",
      "resolved": "http://artifactory.orbit.vodacom.aws.corp/artifactory/api/npm/vod-npm/semver/-/semver-5.7.1.tgz",
      "integrity": "sha1-qVT5Ma66UI0we78Gnv8MAclhFvc="
    }
  }
}
