
Microsoft Visual Studio Solution File, Format Version 12.00
# Visual Studio Version 17
VisualStudioVersion = 17.2.32526.322
MinimumVisualStudioVersion = 10.0.40219.1
Project("{9A19103F-16F7-4668-BE54-9A1E7A4F7556}") = "SecretVaultServerless", "SecretVaultServerless.csproj", "{3BF4E2B7-9E2B-4C1D-BA40-A4A3CCC8C82A}"
EndProject
Global
	GlobalSection(SolutionConfigurationPlatforms) = preSolution
		Debug|Any CPU = Debug|Any CPU
		Release|Any CPU = Release|Any CPU
	EndGlobalSection
	GlobalSection(ProjectConfigurationPlatforms) = postSolution
		{3BF4E2B7-9E2B-4C1D-BA40-A4A3CCC8C82A}.Debug|Any CPU.ActiveCfg = Debug|Any CPU
		{3BF4E2B7-9E2B-4C1D-BA40-A4A3CCC8C82A}.Debug|Any CPU.Build.0 = Debug|Any CPU
		{3BF4E2B7-9E2B-4C1D-BA40-A4A3CCC8C82A}.Release|Any CPU.ActiveCfg = Release|Any CPU
		{3BF4E2B7-9E2B-4C1D-BA40-A4A3CCC8C82A}.Release|Any CPU.Build.0 = Release|Any CPU
	EndGlobalSection
	GlobalSection(SolutionProperties) = preSolution
		HideSolutionNode = FALSE
	EndGlobalSection
	GlobalSection(ExtensibilityGlobals) = postSolution
		SolutionGuid = {B32379D9-FCC6-4216-80E5-C25A924398CA}
	EndGlobalSection
EndGlobal
